
Microsoft Visual Studio Solution File, Format Version 12.00
# Visual Studio 15
VisualStudioVersion = 15.0.27428.2005
MinimumVisualStudioVersion = 10.0.40219.1
Project("{9A19103F-16F7-4668-BE54-9A1E7A4F7556}") = "MyCompany.MyStack.ServerApp", "MyCompany.MyStack.ServerApp\MyCompany.MyStack.ServerApp.csproj", "{66860983-BBAD-4756-BC55-42BAC3C73C63}"
EndProject
Project("{9A19103F-16F7-4668-BE54-9A1E7A4F7556}") = "MyCompany.MyStack.ClientApp", "MyCompany.MyStack.ClientApp\MyCompany.MyStack.ClientApp.csproj", "{FA2A206F-9FBE-460E-A324-B5880D5EC8E2}"
EndProject
Project("{FAE04EC0-301F-11D3-BF4B-00C04F79EFBC}") = "MyCompany.MyStack.MyRestApp", "MyCompany.MyStack.MyRestApp\MyCompany.MyStack.MyRestApp.csproj", "{3B84238C-D762-4436-9DCD-9DC0E81E3F1C}"
EndProject
Project("{FAE04EC0-301F-11D3-BF4B-00C04F79EFBC}") = "MyCompany.MyStack.MyRestApp.Tests", "MyCompany.MyStack.MyRestApp.Tests\MyCompany.MyStack.MyRestApp.Tests.csproj", "{7B1DD004-077E-4A4F-8D1B-570B53EA88E7}"
EndProject
Global
	GlobalSection(SolutionConfigurationPlatforms) = preSolution
		Debug|Any CPU = Debug|Any CPU
		Release|Any CPU = Release|Any CPU
	EndGlobalSection
	GlobalSection(ProjectConfigurationPlatforms) = postSolution
		{66860983-BBAD-4756-BC55-42BAC3C73C63}.Debug|Any CPU.ActiveCfg = Debug|Any CPU
		{66860983-BBAD-4756-BC55-42BAC3C73C63}.Debug|Any CPU.Build.0 = Debug|Any CPU
		{66860983-BBAD-4756-BC55-42BAC3C73C63}.Release|Any CPU.ActiveCfg = Release|Any CPU
		{66860983-BBAD-4756-BC55-42BAC3C73C63}.Release|Any CPU.Build.0 = Release|Any CPU
		{FA2A206F-9FBE-460E-A324-B5880D5EC8E2}.Debug|Any CPU.ActiveCfg = Debug|Any CPU
		{FA2A206F-9FBE-460E-A324-B5880D5EC8E2}.Debug|Any CPU.Build.0 = Debug|Any CPU
		{FA2A206F-9FBE-460E-A324-B5880D5EC8E2}.Release|Any CPU.ActiveCfg = Release|Any CPU
		{FA2A206F-9FBE-460E-A324-B5880D5EC8E2}.Release|Any CPU.Build.0 = Release|Any CPU
		{3B84238C-D762-4436-9DCD-9DC0E81E3F1C}.Debug|Any CPU.ActiveCfg = Debug|Any CPU
		{3B84238C-D762-4436-9DCD-9DC0E81E3F1C}.Debug|Any CPU.Build.0 = Debug|Any CPU
		{3B84238C-D762-4436-9DCD-9DC0E81E3F1C}.Release|Any CPU.ActiveCfg = Release|Any CPU
		{3B84238C-D762-4436-9DCD-9DC0E81E3F1C}.Release|Any CPU.Build.0 = Release|Any CPU
		{7B1DD004-077E-4A4F-8D1B-570B53EA88E7}.Debug|Any CPU.ActiveCfg = Debug|Any CPU
		{7B1DD004-077E-4A4F-8D1B-570B53EA88E7}.Debug|Any CPU.Build.0 = Debug|Any CPU
		{7B1DD004-077E-4A4F-8D1B-570B53EA88E7}.Release|Any CPU.ActiveCfg = Release|Any CPU
		{7B1DD004-077E-4A4F-8D1B-570B53EA88E7}.Release|Any CPU.Build.0 = Release|Any CPU
	EndGlobalSection
	GlobalSection(SolutionProperties) = preSolution
		HideSolutionNode = FALSE
	EndGlobalSection
	GlobalSection(ExtensibilityGlobals) = postSolution
		SolutionGuid = {CFA9D968-5593-4387-9982-7AF36E63570A}
	EndGlobalSection
EndGlobal
